
Microsoft Visual Studio Solution File, Format Version 12.00
# Visual Studio 15
VisualStudioVersion = 15.0.28307.705
MinimumVisualStudioVersion = 10.0.40219.1
Project("{FAE04EC0-301F-11D3-BF4B-00C04F79EFBC}") = "DITest", "DITest\DITest.csproj", "{0E12499F-33DA-4077-BAB0-BBFF2B965B8C}"
EndProject
Project("{FAE04EC0-301F-11D3-BF4B-00C04F79EFBC}") = "DITestLib", "DITestLib\DITestLib.csproj", "{134D1323-1A3F-43F4-BBA9-97B448A8A1D7}"
EndProject
Global
	GlobalSection(SolutionConfigurationPlatforms) = preSolution
		Debug|Any CPU = Debug|Any CPU
		Release|Any CPU = Release|Any CPU
	EndGlobalSection
	GlobalSection(ProjectConfigurationPlatforms) = postSolution
		{0E12499F-33DA-4077-BAB0-BBFF2B965B8C}.Debug|Any CPU.ActiveCfg = Debug|Any CPU
		{0E12499F-33DA-4077-BAB0-BBFF2B965B8C}.Debug|Any CPU.Build.0 = Debug|Any CPU
		{0E12499F-33DA-4077-BAB0-BBFF2B965B8C}.Release|Any CPU.ActiveCfg = Release|Any CPU
		{0E12499F-33DA-4077-BAB0-BBFF2B965B8C}.Release|Any CPU.Build.0 = Release|Any CPU
		{134D1323-1A3F-43F4-BBA9-97B448A8A1D7}.Debug|Any CPU.ActiveCfg = Debug|Any CPU
		{134D1323-1A3F-43F4-BBA9-97B448A8A1D7}.Debug|Any CPU.Build.0 = Debug|Any CPU
		{134D1323-1A3F-43F4-BBA9-97B448A8A1D7}.Release|Any CPU.ActiveCfg = Release|Any CPU
		{134D1323-1A3F-43F4-BBA9-97B448A8A1D7}.Release|Any CPU.Build.0 = Release|Any CPU
	EndGlobalSection
	GlobalSection(SolutionProperties) = preSolution
		HideSolutionNode = FALSE
	EndGlobalSection
	GlobalSection(ExtensibilityGlobals) = postSolution
		SolutionGuid = {265FF226-BF64-4572-9F5B-591066488C5A}
	EndGlobalSection
EndGlobal
